
Microsoft Visual Studio Solution File, Format Version 11.00
# Visual Studio 2010
Project("{FAE04EC0-301F-11D3-BF4B-00C04F79EFBC}") = "ZLS_SerialPortService", "ZLS_SerialPortService\ZLS_SerialPortService.csproj", "{7C76E963-9BBF-4936-B286-27377C805A81}"
EndProject
Project("{FAE04EC0-301F-11D3-BF4B-00C04F79EFBC}") = "StationConsole", "StationConsole\StationConsole.csproj", "{C39F4B50-C1D3-4A3D-AD6E-29A18FA64FE7}"
EndProject
Project("{FAE04EC0-301F-11D3-BF4B-00C04F79EFBC}") = "SockAttack", "SockAttack\SockAttack.csproj", "{2C1C92B9-6401-49DB-A162-E185A6F5D16B}"
EndProject
Project("{FAE04EC0-301F-11D3-BF4B-00C04F79EFBC}") = "EvnCenter", "EnvCenter\EvnCenter.csproj", "{FCC6BB75-C6A5-487D-8D40-EEC3636FECCC}"
EndProject
Project("{FAE04EC0-301F-11D3-BF4B-00C04F79EFBC}") = "SockMgr", "SockMgr\SockMgr.csproj", "{89415F7F-08C2-40B0-A2CD-4BCC966D42C7}"
EndProject
Project("{FAE04EC0-301F-11D3-BF4B-00C04F79EFBC}") = "EnvModule", "EnvModule\EnvModule.csproj", "{8B27CA98-1781-4630-B3E0-7D99BF6BF400}"
EndProject
Project("{FAE04EC0-301F-11D3-BF4B-00C04F79EFBC}") = "MnnUtil", "MnnUtil\MnnUtil.csproj", "{E58D40E9-DAFE-4564-9BAE-867025DB9051}"
EndProject
Project("{FAE04EC0-301F-11D3-BF4B-00C04F79EFBC}") = "MnnMisc", "MnnMisc\MnnMisc.csproj", "{8C1BDA51-F559-4472-A895-6BF82C0A06DE}"
EndProject
Project("{FAE04EC0-301F-11D3-BF4B-00C04F79EFBC}") = "MnnSock", "MnnSock\MnnSock.csproj", "{4298E664-3238-45B4-8CDD-BA6764A3F2FF}"
EndProject
Project("{FAE04EC0-301F-11D3-BF4B-00C04F79EFBC}") = "ModuleDXS", "ModuleDXS\ModuleDXS.csproj", "{B29B0D6C-54D2-44DB-9159-AEC77DF3ACD9}"
EndProject
Project("{FAE04EC0-301F-11D3-BF4B-00C04F79EFBC}") = "ModuleQX", "ModuleQX\ModuleQX.csproj", "{26235DFE-9D52-4B8F-9071-394FDA2797AD}"
EndProject
Project("{FAE04EC0-301F-11D3-BF4B-00C04F79EFBC}") = "ModuleSK", "ModuleSK\ModuleSK.csproj", "{B2DAF49E-79CD-4346-B699-E2A1532C7162}"
EndProject
Project("{FAE04EC0-301F-11D3-BF4B-00C04F79EFBC}") = "ModuleZLS", "ModuleZLS\ModuleZLS.csproj", "{93FC52F7-A396-4955-A32F-2C82394D12F6}"
EndProject
Project("{FAE04EC0-301F-11D3-BF4B-00C04F79EFBC}") = "ModTrial", "Deprecated\ModTrial\ModTrial.csproj", "{C920EA8A-7E27-456B-9E48-00BA2390227E}"
EndProject
Project("{FAE04EC0-301F-11D3-BF4B-00C04F79EFBC}") = "ModuleTimerSK", "ModuleTimerSK\ModuleTimerSK.csproj", "{78B3C424-DC20-4F7A-A951-8EC2F296F346}"
EndProject
Project("{FAE04EC0-301F-11D3-BF4B-00C04F79EFBC}") = "ScokDebug", "Deprecated\SockDebug\ScokDebug.csproj", "{B8109D67-7220-4FBA-84D6-1166B114CF47}"
EndProject
Global
	GlobalSection(SolutionConfigurationPlatforms) = preSolution
		Debug|Any CPU = Debug|Any CPU
		Debug|Mixed Platforms = Debug|Mixed Platforms
		Debug|x86 = Debug|x86
		Release|Any CPU = Release|Any CPU
		Release|Mixed Platforms = Release|Mixed Platforms
		Release|x86 = Release|x86
	EndGlobalSection
	GlobalSection(ProjectConfigurationPlatforms) = postSolution
		{7C76E963-9BBF-4936-B286-27377C805A81}.Debug|Any CPU.ActiveCfg = Debug|x86
		{7C76E963-9BBF-4936-B286-27377C805A81}.Debug|Mixed Platforms.ActiveCfg = Debug|x86
		{7C76E963-9BBF-4936-B286-27377C805A81}.Debug|Mixed Platforms.Build.0 = Debug|x86
		{7C76E963-9BBF-4936-B286-27377C805A81}.Debug|x86.ActiveCfg = Debug|x86
		{7C76E963-9BBF-4936-B286-27377C805A81}.Debug|x86.Build.0 = Debug|x86
		{7C76E963-9BBF-4936-B286-27377C805A81}.Release|Any CPU.ActiveCfg = Release|x86
		{7C76E963-9BBF-4936-B286-27377C805A81}.Release|Mixed Platforms.ActiveCfg = Release|x86
		{7C76E963-9BBF-4936-B286-27377C805A81}.Release|Mixed Platforms.Build.0 = Release|x86
		{7C76E963-9BBF-4936-B286-27377C805A81}.Release|x86.ActiveCfg = Release|x86
		{7C76E963-9BBF-4936-B286-27377C805A81}.Release|x86.Build.0 = Release|x86
		{C39F4B50-C1D3-4A3D-AD6E-29A18FA64FE7}.Debug|Any CPU.ActiveCfg = Debug|x86
		{C39F4B50-C1D3-4A3D-AD6E-29A18FA64FE7}.Debug|Mixed Platforms.ActiveCfg = Debug|x86
		{C39F4B50-C1D3-4A3D-AD6E-29A18FA64FE7}.Debug|Mixed Platforms.Build.0 = Debug|x86
		{C39F4B50-C1D3-4A3D-AD6E-29A18FA64FE7}.Debug|x86.ActiveCfg = Debug|x86
		{C39F4B50-C1D3-4A3D-AD6E-29A18FA64FE7}.Debug|x86.Build.0 = Debug|x86
		{C39F4B50-C1D3-4A3D-AD6E-29A18FA64FE7}.Release|Any CPU.ActiveCfg = Release|x86
		{C39F4B50-C1D3-4A3D-AD6E-29A18FA64FE7}.Release|Mixed Platforms.ActiveCfg = Release|x86
		{C39F4B50-C1D3-4A3D-AD6E-29A18FA64FE7}.Release|Mixed Platforms.Build.0 = Release|x86
		{C39F4B50-C1D3-4A3D-AD6E-29A18FA64FE7}.Release|x86.ActiveCfg = Release|x86
		{C39F4B50-C1D3-4A3D-AD6E-29A18FA64FE7}.Release|x86.Build.0 = Release|x86
		{2C1C92B9-6401-49DB-A162-E185A6F5D16B}.Debug|Any CPU.ActiveCfg = Debug|x86
		{2C1C92B9-6401-49DB-A162-E185A6F5D16B}.Debug|Mixed Platforms.ActiveCfg = Debug|x86
		{2C1C92B9-6401-49DB-A162-E185A6F5D16B}.Debug|Mixed Platforms.Build.0 = Debug|x86
		{2C1C92B9-6401-49DB-A162-E185A6F5D16B}.Debug|x86.ActiveCfg = Debug|x86
		{2C1C92B9-6401-49DB-A162-E185A6F5D16B}.Debug|x86.Build.0 = Debug|x86
		{2C1C92B9-6401-49DB-A162-E185A6F5D16B}.Release|Any CPU.ActiveCfg = Release|x86
		{2C1C92B9-6401-49DB-A162-E185A6F5D16B}.Release|Mixed Platforms.ActiveCfg = Release|x86
		{2C1C92B9-6401-49DB-A162-E185A6F5D16B}.Release|Mixed Platforms.Build.0 = Release|x86
		{2C1C92B9-6401-49DB-A162-E185A6F5D16B}.Release|x86.ActiveCfg = Release|x86
		{2C1C92B9-6401-49DB-A162-E185A6F5D16B}.Release|x86.Build.0 = Release|x86
		{FCC6BB75-C6A5-487D-8D40-EEC3636FECCC}.Debug|Any CPU.ActiveCfg = Debug|x86
		{FCC6BB75-C6A5-487D-8D40-EEC3636FECCC}.Debug|Mixed Platforms.ActiveCfg = Debug|x86
		{FCC6BB75-C6A5-487D-8D40-EEC3636FECCC}.Debug|Mixed Platforms.Build.0 = Debug|x86
		{FCC6BB75-C6A5-487D-8D40-EEC3636FECCC}.Debug|x86.ActiveCfg = Debug|x86
		{FCC6BB75-C6A5-487D-8D40-EEC3636FECCC}.Debug|x86.Build.0 = Debug|x86
		{FCC6BB75-C6A5-487D-8D40-EEC3636FECCC}.Release|Any CPU.ActiveCfg = Release|x86
		{FCC6BB75-C6A5-487D-8D40-EEC3636FECCC}.Release|Mixed Platforms.ActiveCfg = Release|x86
		{FCC6BB75-C6A5-487D-8D40-EEC3636FECCC}.Release|Mixed Platforms.Build.0 = Release|x86
		{FCC6BB75-C6A5-487D-8D40-EEC3636FECCC}.Release|x86.ActiveCfg = Release|x86
		{FCC6BB75-C6A5-487D-8D40-EEC3636FECCC}.Release|x86.Build.0 = Release|x86
		{89415F7F-08C2-40B0-A2CD-4BCC966D42C7}.Debug|Any CPU.ActiveCfg = Debug|x86
		{89415F7F-08C2-40B0-A2CD-4BCC966D42C7}.Debug|Mixed Platforms.ActiveCfg = Debug|x86
		{89415F7F-08C2-40B0-A2CD-4BCC966D42C7}.Debug|Mixed Platforms.Build.0 = Debug|x86
		{89415F7F-08C2-40B0-A2CD-4BCC966D42C7}.Debug|x86.ActiveCfg = Debug|x86
		{89415F7F-08C2-40B0-A2CD-4BCC966D42C7}.Debug|x86.Build.0 = Debug|x86
		{89415F7F-08C2-40B0-A2CD-4BCC966D42C7}.Release|Any CPU.ActiveCfg = Release|x86
		{89415F7F-08C2-40B0-A2CD-4BCC966D42C7}.Release|Mixed Platforms.ActiveCfg = Release|x86
		{89415F7F-08C2-40B0-A2CD-4BCC966D42C7}.Release|Mixed Platforms.Build.0 = Release|x86
		{89415F7F-08C2-40B0-A2CD-4BCC966D42C7}.Release|x86.ActiveCfg = Release|x86
		{89415F7F-08C2-40B0-A2CD-4BCC966D42C7}.Release|x86.Build.0 = Release|x86
		{8B27CA98-1781-4630-B3E0-7D99BF6BF400}.Debug|Any CPU.ActiveCfg = Debug|x86
		{8B27CA98-1781-4630-B3E0-7D99BF6BF400}.Debug|Mixed Platforms.ActiveCfg = Debug|x86
		{8B27CA98-1781-4630-B3E0-7D99BF6BF400}.Debug|Mixed Platforms.Build.0 = Debug|x86
		{8B27CA98-1781-4630-B3E0-7D99BF6BF400}.Debug|x86.ActiveCfg = Debug|x86
		{8B27CA98-1781-4630-B3E0-7D99BF6BF400}.Debug|x86.Build.0 = Debug|x86
		{8B27CA98-1781-4630-B3E0-7D99BF6BF400}.Release|Any CPU.ActiveCfg = Release|x86
		{8B27CA98-1781-4630-B3E0-7D99BF6BF400}.Release|Mixed Platforms.ActiveCfg = Release|x86
		{8B27CA98-1781-4630-B3E0-7D99BF6BF400}.Release|Mixed Platforms.Build.0 = Release|x86
		{8B27CA98-1781-4630-B3E0-7D99BF6BF400}.Release|x86.ActiveCfg = Release|x86
		{8B27CA98-1781-4630-B3E0-7D99BF6BF400}.Release|x86.Build.0 = Release|x86
		{E58D40E9-DAFE-4564-9BAE-867025DB9051}.Debug|Any CPU.ActiveCfg = Debug|Any CPU
		{E58D40E9-DAFE-4564-9BAE-867025DB9051}.Debug|Any CPU.Build.0 = Debug|Any CPU
		{E58D40E9-DAFE-4564-9BAE-867025DB9051}.Debug|Mixed Platforms.ActiveCfg = Debug|Any CPU
		{E58D40E9-DAFE-4564-9BAE-867025DB9051}.Debug|Mixed Platforms.Build.0 = Debug|Any CPU
		{E58D40E9-DAFE-4564-9BAE-867025DB9051}.Debug|x86.ActiveCfg = Debug|Any CPU
		{E58D40E9-DAFE-4564-9BAE-867025DB9051}.Release|Any CPU.ActiveCfg = Release|Any CPU
		{E58D40E9-DAFE-4564-9BAE-867025DB9051}.Release|Any CPU.Build.0 = Release|Any CPU
		{E58D40E9-DAFE-4564-9BAE-867025DB9051}.Release|Mixed Platforms.ActiveCfg = Release|Any CPU
		{E58D40E9-DAFE-4564-9BAE-867025DB9051}.Release|Mixed Platforms.Build.0 = Release|Any CPU
		{E58D40E9-DAFE-4564-9BAE-867025DB9051}.Release|x86.ActiveCfg = Release|Any CPU
		{8C1BDA51-F559-4472-A895-6BF82C0A06DE}.Debug|Any CPU.ActiveCfg = Debug|Any CPU
		{8C1BDA51-F559-4472-A895-6BF82C0A06DE}.Debug|Any CPU.Build.0 = Debug|Any CPU
		{8C1BDA51-F559-4472-A895-6BF82C0A06DE}.Debug|Mixed Platforms.ActiveCfg = Debug|Any CPU
		{8C1BDA51-F559-4472-A895-6BF82C0A06DE}.Debug|Mixed Platforms.Build.0 = Debug|Any CPU
		{8C1BDA51-F559-4472-A895-6BF82C0A06DE}.Debug|x86.ActiveCfg = Debug|Any CPU
		{8C1BDA51-F559-4472-A895-6BF82C0A06DE}.Release|Any CPU.ActiveCfg = Release|Any CPU
		{8C1BDA51-F559-4472-A895-6BF82C0A06DE}.Release|Any CPU.Build.0 = Release|Any CPU
		{8C1BDA51-F559-4472-A895-6BF82C0A06DE}.Release|Mixed Platforms.ActiveCfg = Release|Any CPU
		{8C1BDA51-F559-4472-A895-6BF82C0A06DE}.Release|Mixed Platforms.Build.0 = Release|Any CPU
		{8C1BDA51-F559-4472-A895-6BF82C0A06DE}.Release|x86.ActiveCfg = Release|Any CPU
		{4298E664-3238-45B4-8CDD-BA6764A3F2FF}.Debug|Any CPU.ActiveCfg = Debug|Any CPU
		{4298E664-3238-45B4-8CDD-BA6764A3F2FF}.Debug|Any CPU.Build.0 = Debug|Any CPU
		{4298E664-3238-45B4-8CDD-BA6764A3F2FF}.Debug|Mixed Platforms.ActiveCfg = Debug|Any CPU
		{4298E664-3238-45B4-8CDD-BA6764A3F2FF}.Debug|Mixed Platforms.Build.0 = Debug|Any CPU
		{4298E664-3238-45B4-8CDD-BA6764A3F2FF}.Debug|x86.ActiveCfg = Debug|Any CPU
		{4298E664-3238-45B4-8CDD-BA6764A3F2FF}.Release|Any CPU.ActiveCfg = Release|Any CPU
		{4298E664-3238-45B4-8CDD-BA6764A3F2FF}.Release|Any CPU.Build.0 = Release|Any CPU
		{4298E664-3238-45B4-8CDD-BA6764A3F2FF}.Release|Mixed Platforms.ActiveCfg = Release|Any CPU
		{4298E664-3238-45B4-8CDD-BA6764A3F2FF}.Release|Mixed Platforms.Build.0 = Release|Any CPU
		{4298E664-3238-45B4-8CDD-BA6764A3F2FF}.Release|x86.ActiveCfg = Release|Any CPU
		{B29B0D6C-54D2-44DB-9159-AEC77DF3ACD9}.Debug|Any CPU.ActiveCfg = Debug|Any CPU
		{B29B0D6C-54D2-44DB-9159-AEC77DF3ACD9}.Debug|Any CPU.Build.0 = Debug|Any CPU
		{B29B0D6C-54D2-44DB-9159-AEC77DF3ACD9}.Debug|Mixed Platforms.ActiveCfg = Debug|Any CPU
		{B29B0D6C-54D2-44DB-9159-AEC77DF3ACD9}.Debug|Mixed Platforms.Build.0 = Debug|Any CPU
		{B29B0D6C-54D2-44DB-9159-AEC77DF3ACD9}.Debug|x86.ActiveCfg = Debug|Any CPU
		{B29B0D6C-54D2-44DB-9159-AEC77DF3ACD9}.Release|Any CPU.ActiveCfg = Release|Any CPU
		{B29B0D6C-54D2-44DB-9159-AEC77DF3ACD9}.Release|Any CPU.Build.0 = Release|Any CPU
		{B29B0D6C-54D2-44DB-9159-AEC77DF3ACD9}.Release|Mixed Platforms.ActiveCfg = Release|Any CPU
		{B29B0D6C-54D2-44DB-9159-AEC77DF3ACD9}.Release|Mixed Platforms.Build.0 = Release|Any CPU
		{B29B0D6C-54D2-44DB-9159-AEC77DF3ACD9}.Release|x86.ActiveCfg = Release|Any CPU
		{26235DFE-9D52-4B8F-9071-394FDA2797AD}.Debug|Any CPU.ActiveCfg = Debug|Any CPU
		{26235DFE-9D52-4B8F-9071-394FDA2797AD}.Debug|Any CPU.Build.0 = Debug|Any CPU
		{26235DFE-9D52-4B8F-9071-394FDA2797AD}.Debug|Mixed Platforms.ActiveCfg = Debug|Any CPU
		{26235DFE-9D52-4B8F-9071-394FDA2797AD}.Debug|Mixed Platforms.Build.0 = Debug|Any CPU
		{26235DFE-9D52-4B8F-9071-394FDA2797AD}.Debug|x86.ActiveCfg = Debug|Any CPU
		{26235DFE-9D52-4B8F-9071-394FDA2797AD}.Release|Any CPU.ActiveCfg = Release|Any CPU
		{26235DFE-9D52-4B8F-9071-394FDA2797AD}.Release|Any CPU.Build.0 = Release|Any CPU
		{26235DFE-9D52-4B8F-9071-394FDA2797AD}.Release|Mixed Platforms.ActiveCfg = Release|Any CPU
		{26235DFE-9D52-4B8F-9071-394FDA2797AD}.Release|Mixed Platforms.Build.0 = Release|Any CPU
		{26235DFE-9D52-4B8F-9071-394FDA2797AD}.Release|x86.ActiveCfg = Release|Any CPU
		{B2DAF49E-79CD-4346-B699-E2A1532C7162}.Debug|Any CPU.ActiveCfg = Debug|Any CPU
		{B2DAF49E-79CD-4346-B699-E2A1532C7162}.Debug|Any CPU.Build.0 = Debug|Any CPU
		{B2DAF49E-79CD-4346-B699-E2A1532C7162}.Debug|Mixed Platforms.ActiveCfg = Debug|Any CPU
		{B2DAF49E-79CD-4346-B699-E2A1532C7162}.Debug|Mixed Platforms.Build.0 = Debug|Any CPU
		{B2DAF49E-79CD-4346-B699-E2A1532C7162}.Debug|x86.ActiveCfg = Debug|Any CPU
		{B2DAF49E-79CD-4346-B699-E2A1532C7162}.Release|Any CPU.ActiveCfg = Release|Any CPU
		{B2DAF49E-79CD-4346-B699-E2A1532C7162}.Release|Any CPU.Build.0 = Release|Any CPU
		{B2DAF49E-79CD-4346-B699-E2A1532C7162}.Release|Mixed Platforms.ActiveCfg = Release|Any CPU
		{B2DAF49E-79CD-4346-B699-E2A1532C7162}.Release|Mixed Platforms.Build.0 = Release|Any CPU
		{B2DAF49E-79CD-4346-B699-E2A1532C7162}.Release|x86.ActiveCfg = Release|Any CPU
		{93FC52F7-A396-4955-A32F-2C82394D12F6}.Debug|Any CPU.ActiveCfg = Debug|Any CPU
		{93FC52F7-A396-4955-A32F-2C82394D12F6}.Debug|Any CPU.Build.0 = Debug|Any CPU
		{93FC52F7-A396-4955-A32F-2C82394D12F6}.Debug|Mixed Platforms.ActiveCfg = Debug|Any CPU
		{93FC52F7-A396-4955-A32F-2C82394D12F6}.Debug|Mixed Platforms.Build.0 = Debug|Any CPU
		{93FC52F7-A396-4955-A32F-2C82394D12F6}.Debug|x86.ActiveCfg = Debug|Any CPU
		{93FC52F7-A396-4955-A32F-2C82394D12F6}.Release|Any CPU.ActiveCfg = Release|Any CPU
		{93FC52F7-A396-4955-A32F-2C82394D12F6}.Release|Any CPU.Build.0 = Release|Any CPU
		{93FC52F7-A396-4955-A32F-2C82394D12F6}.Release|Mixed Platforms.ActiveCfg = Release|Any CPU
		{93FC52F7-A396-4955-A32F-2C82394D12F6}.Release|Mixed Platforms.Build.0 = Release|Any CPU
		{93FC52F7-A396-4955-A32F-2C82394D12F6}.Release|x86.ActiveCfg = Release|Any CPU
		{C920EA8A-7E27-456B-9E48-00BA2390227E}.Debug|Any CPU.ActiveCfg = Debug|x86
		{C920EA8A-7E27-456B-9E48-00BA2390227E}.Debug|Mixed Platforms.ActiveCfg = Debug|x86
		{C920EA8A-7E27-456B-9E48-00BA2390227E}.Debug|Mixed Platforms.Build.0 = Debug|x86
		{C920EA8A-7E27-456B-9E48-00BA2390227E}.Debug|x86.ActiveCfg = Debug|x86
		{C920EA8A-7E27-456B-9E48-00BA2390227E}.Debug|x86.Build.0 = Debug|x86
		{C920EA8A-7E27-456B-9E48-00BA2390227E}.Release|Any CPU.ActiveCfg = Release|x86
		{C920EA8A-7E27-456B-9E48-00BA2390227E}.Release|Mixed Platforms.ActiveCfg = Release|x86
		{C920EA8A-7E27-456B-9E48-00BA2390227E}.Release|Mixed Platforms.Build.0 = Release|x86
		{C920EA8A-7E27-456B-9E48-00BA2390227E}.Release|x86.ActiveCfg = Release|x86
		{C920EA8A-7E27-456B-9E48-00BA2390227E}.Release|x86.Build.0 = Release|x86
		{78B3C424-DC20-4F7A-A951-8EC2F296F346}.Debug|Any CPU.ActiveCfg = Debug|Any CPU
		{78B3C424-DC20-4F7A-A951-8EC2F296F346}.Debug|Any CPU.Build.0 = Debug|Any CPU
		{78B3C424-DC20-4F7A-A951-8EC2F296F346}.Debug|Mixed Platforms.ActiveCfg = Debug|Any CPU
		{78B3C424-DC20-4F7A-A951-8EC2F296F346}.Debug|Mixed Platforms.Build.0 = Debug|Any CPU
		{78B3C424-DC20-4F7A-A951-8EC2F296F346}.Debug|x86.ActiveCfg = Debug|Any CPU
		{78B3C424-DC20-4F7A-A951-8EC2F296F346}.Release|Any CPU.ActiveCfg = Release|Any CPU
		{78B3C424-DC20-4F7A-A951-8EC2F296F346}.Release|Any CPU.Build.0 = Release|Any CPU
		{78B3C424-DC20-4F7A-A951-8EC2F296F346}.Release|Mixed Platforms.ActiveCfg = Release|Any CPU
		{78B3C424-DC20-4F7A-A951-8EC2F296F346}.Release|Mixed Platforms.Build.0 = Release|Any CPU
		{78B3C424-DC20-4F7A-A951-8EC2F296F346}.Release|x86.ActiveCfg = Release|Any CPU
		{B8109D67-7220-4FBA-84D6-1166B114CF47}.Debug|Any CPU.ActiveCfg = Debug|x86
		{B8109D67-7220-4FBA-84D6-1166B114CF47}.Debug|Mixed Platforms.ActiveCfg = Debug|x86
		{B8109D67-7220-4FBA-84D6-1166B114CF47}.Debug|Mixed Platforms.Build.0 = Debug|x86
		{B8109D67-7220-4FBA-84D6-1166B114CF47}.Debug|x86.ActiveCfg = Debug|x86
		{B8109D67-7220-4FBA-84D6-1166B114CF47}.Debug|x86.Build.0 = Debug|x86
		{B8109D67-7220-4FBA-84D6-1166B114CF47}.Release|Any CPU.ActiveCfg = Release|x86
		{B8109D67-7220-4FBA-84D6-1166B114CF47}.Release|Mixed Platforms.ActiveCfg = Release|x86
		{B8109D67-7220-4FBA-84D6-1166B114CF47}.Release|Mixed Platforms.Build.0 = Release|x86
		{B8109D67-7220-4FBA-84D6-1166B114CF47}.Release|x86.ActiveCfg = Release|x86
		{B8109D67-7220-4FBA-84D6-1166B114CF47}.Release|x86.Build.0 = Release|x86
	EndGlobalSection
	GlobalSection(SolutionProperties) = preSolution
		HideSolutionNode = FALSE
	EndGlobalSection
EndGlobal
