
Microsoft Visual Studio Solution File, Format Version 11.00
# Visual Studio 2010
Project("{FAE04EC0-301F-11D3-BF4B-00C04F79EFBC}") = "MnnSocket", "MnnSocket\MnnSocket.csproj", "{554F1D48-F41A-4A23-A1E4-05A7F4058AB7}"
EndProject
Project("{FAE04EC0-301F-11D3-BF4B-00C04F79EFBC}") = "MnnPlugin", "MnnPlugin\MnnPlugin.csproj", "{0AFB7630-65E6-41EF-AC65-8A7814C6D82F}"
EndProject
Project("{FAE04EC0-301F-11D3-BF4B-00C04F79EFBC}") = "SocketTransfer", "SocketTransfer\SocketTransfer.csproj", "{0B1F0B25-5853-44BB-ABDA-D40FAA1D62D3}"
EndProject
Project("{FAE04EC0-301F-11D3-BF4B-00C04F79EFBC}") = "StationConsoler", "StationConsoler\StationConsoler.csproj", "{C39F4B50-C1D3-4A3D-AD6E-29A18FA64FE7}"
EndProject
Global
	GlobalSection(SolutionConfigurationPlatforms) = preSolution
		Debug|Any CPU = Debug|Any CPU
		Debug|Mixed Platforms = Debug|Mixed Platforms
		Debug|x86 = Debug|x86
		Release|Any CPU = Release|Any CPU
		Release|Mixed Platforms = Release|Mixed Platforms
		Release|x86 = Release|x86
	EndGlobalSection
	GlobalSection(ProjectConfigurationPlatforms) = postSolution
		{554F1D48-F41A-4A23-A1E4-05A7F4058AB7}.Debug|Any CPU.ActiveCfg = Debug|Any CPU
		{554F1D48-F41A-4A23-A1E4-05A7F4058AB7}.Debug|Any CPU.Build.0 = Debug|Any CPU
		{554F1D48-F41A-4A23-A1E4-05A7F4058AB7}.Debug|Mixed Platforms.ActiveCfg = Debug|Any CPU
		{554F1D48-F41A-4A23-A1E4-05A7F4058AB7}.Debug|Mixed Platforms.Build.0 = Debug|Any CPU
		{554F1D48-F41A-4A23-A1E4-05A7F4058AB7}.Debug|x86.ActiveCfg = Debug|Any CPU
		{554F1D48-F41A-4A23-A1E4-05A7F4058AB7}.Release|Any CPU.ActiveCfg = Release|Any CPU
		{554F1D48-F41A-4A23-A1E4-05A7F4058AB7}.Release|Any CPU.Build.0 = Release|Any CPU
		{554F1D48-F41A-4A23-A1E4-05A7F4058AB7}.Release|Mixed Platforms.ActiveCfg = Release|Any CPU
		{554F1D48-F41A-4A23-A1E4-05A7F4058AB7}.Release|Mixed Platforms.Build.0 = Release|Any CPU
		{554F1D48-F41A-4A23-A1E4-05A7F4058AB7}.Release|x86.ActiveCfg = Release|Any CPU
		{0AFB7630-65E6-41EF-AC65-8A7814C6D82F}.Debug|Any CPU.ActiveCfg = Debug|Any CPU
		{0AFB7630-65E6-41EF-AC65-8A7814C6D82F}.Debug|Any CPU.Build.0 = Debug|Any CPU
		{0AFB7630-65E6-41EF-AC65-8A7814C6D82F}.Debug|Mixed Platforms.ActiveCfg = Debug|Any CPU
		{0AFB7630-65E6-41EF-AC65-8A7814C6D82F}.Debug|Mixed Platforms.Build.0 = Debug|Any CPU
		{0AFB7630-65E6-41EF-AC65-8A7814C6D82F}.Debug|x86.ActiveCfg = Debug|Any CPU
		{0AFB7630-65E6-41EF-AC65-8A7814C6D82F}.Release|Any CPU.ActiveCfg = Release|Any CPU
		{0AFB7630-65E6-41EF-AC65-8A7814C6D82F}.Release|Any CPU.Build.0 = Release|Any CPU
		{0AFB7630-65E6-41EF-AC65-8A7814C6D82F}.Release|Mixed Platforms.ActiveCfg = Release|Any CPU
		{0AFB7630-65E6-41EF-AC65-8A7814C6D82F}.Release|Mixed Platforms.Build.0 = Release|Any CPU
		{0AFB7630-65E6-41EF-AC65-8A7814C6D82F}.Release|x86.ActiveCfg = Release|Any CPU
		{0B1F0B25-5853-44BB-ABDA-D40FAA1D62D3}.Debug|Any CPU.ActiveCfg = Debug|x86
		{0B1F0B25-5853-44BB-ABDA-D40FAA1D62D3}.Debug|Mixed Platforms.ActiveCfg = Debug|x86
		{0B1F0B25-5853-44BB-ABDA-D40FAA1D62D3}.Debug|Mixed Platforms.Build.0 = Debug|x86
		{0B1F0B25-5853-44BB-ABDA-D40FAA1D62D3}.Debug|x86.ActiveCfg = Debug|x86
		{0B1F0B25-5853-44BB-ABDA-D40FAA1D62D3}.Debug|x86.Build.0 = Debug|x86
		{0B1F0B25-5853-44BB-ABDA-D40FAA1D62D3}.Release|Any CPU.ActiveCfg = Release|x86
		{0B1F0B25-5853-44BB-ABDA-D40FAA1D62D3}.Release|Mixed Platforms.ActiveCfg = Release|x86
		{0B1F0B25-5853-44BB-ABDA-D40FAA1D62D3}.Release|Mixed Platforms.Build.0 = Release|x86
		{0B1F0B25-5853-44BB-ABDA-D40FAA1D62D3}.Release|x86.ActiveCfg = Release|x86
		{0B1F0B25-5853-44BB-ABDA-D40FAA1D62D3}.Release|x86.Build.0 = Release|x86
		{C39F4B50-C1D3-4A3D-AD6E-29A18FA64FE7}.Debug|Any CPU.ActiveCfg = Debug|x86
		{C39F4B50-C1D3-4A3D-AD6E-29A18FA64FE7}.Debug|Mixed Platforms.ActiveCfg = Debug|x86
		{C39F4B50-C1D3-4A3D-AD6E-29A18FA64FE7}.Debug|Mixed Platforms.Build.0 = Debug|x86
		{C39F4B50-C1D3-4A3D-AD6E-29A18FA64FE7}.Debug|x86.ActiveCfg = Debug|x86
		{C39F4B50-C1D3-4A3D-AD6E-29A18FA64FE7}.Debug|x86.Build.0 = Debug|x86
		{C39F4B50-C1D3-4A3D-AD6E-29A18FA64FE7}.Release|Any CPU.ActiveCfg = Release|x86
		{C39F4B50-C1D3-4A3D-AD6E-29A18FA64FE7}.Release|Mixed Platforms.ActiveCfg = Release|x86
		{C39F4B50-C1D3-4A3D-AD6E-29A18FA64FE7}.Release|Mixed Platforms.Build.0 = Release|x86
		{C39F4B50-C1D3-4A3D-AD6E-29A18FA64FE7}.Release|x86.ActiveCfg = Release|x86
		{C39F4B50-C1D3-4A3D-AD6E-29A18FA64FE7}.Release|x86.Build.0 = Release|x86
	EndGlobalSection
	GlobalSection(SolutionProperties) = preSolution
		HideSolutionNode = FALSE
	EndGlobalSection
EndGlobal
