
Microsoft Visual Studio Solution File, Format Version 11.00
# Visual Studio 2010
Project("{FAE04EC0-301F-11D3-BF4B-00C04F79EFBC}") = "StationConsole", "StationConsole\StationConsole.csproj", "{C39F4B50-C1D3-4A3D-AD6E-29A18FA64FE7}"
EndProject
Project("{FAE04EC0-301F-11D3-BF4B-00C04F79EFBC}") = "Mnn", "Mnn\Mnn.csproj", "{8C1BDA51-F559-4472-A895-6BF82C0A06DE}"
EndProject
Project("{FAE04EC0-301F-11D3-BF4B-00C04F79EFBC}") = "TcpAttacker", "TcpAttacker\TcpAttacker.csproj", "{2C1C92B9-6401-49DB-A162-E185A6F5D16B}"
EndProject
Project("{FAE04EC0-301F-11D3-BF4B-00C04F79EFBC}") = "TcpDebugger", "TcpDebugger\TcpDebugger.csproj", "{B8109D67-7220-4FBA-84D6-1166B114CF47}"
EndProject
Global
	GlobalSection(SolutionConfigurationPlatforms) = preSolution
		Debug|Any CPU = Debug|Any CPU
		Debug|Mixed Platforms = Debug|Mixed Platforms
		Debug|x86 = Debug|x86
		Release|Any CPU = Release|Any CPU
		Release|Mixed Platforms = Release|Mixed Platforms
		Release|x86 = Release|x86
	EndGlobalSection
	GlobalSection(ProjectConfigurationPlatforms) = postSolution
		{C39F4B50-C1D3-4A3D-AD6E-29A18FA64FE7}.Debug|Any CPU.ActiveCfg = Debug|x86
		{C39F4B50-C1D3-4A3D-AD6E-29A18FA64FE7}.Debug|Mixed Platforms.ActiveCfg = Debug|x86
		{C39F4B50-C1D3-4A3D-AD6E-29A18FA64FE7}.Debug|Mixed Platforms.Build.0 = Debug|x86
		{C39F4B50-C1D3-4A3D-AD6E-29A18FA64FE7}.Debug|x86.ActiveCfg = Debug|x86
		{C39F4B50-C1D3-4A3D-AD6E-29A18FA64FE7}.Debug|x86.Build.0 = Debug|x86
		{C39F4B50-C1D3-4A3D-AD6E-29A18FA64FE7}.Release|Any CPU.ActiveCfg = Release|x86
		{C39F4B50-C1D3-4A3D-AD6E-29A18FA64FE7}.Release|Mixed Platforms.ActiveCfg = Release|x86
		{C39F4B50-C1D3-4A3D-AD6E-29A18FA64FE7}.Release|Mixed Platforms.Build.0 = Release|x86
		{C39F4B50-C1D3-4A3D-AD6E-29A18FA64FE7}.Release|x86.ActiveCfg = Release|x86
		{C39F4B50-C1D3-4A3D-AD6E-29A18FA64FE7}.Release|x86.Build.0 = Release|x86
		{8C1BDA51-F559-4472-A895-6BF82C0A06DE}.Debug|Any CPU.ActiveCfg = Debug|Any CPU
		{8C1BDA51-F559-4472-A895-6BF82C0A06DE}.Debug|Any CPU.Build.0 = Debug|Any CPU
		{8C1BDA51-F559-4472-A895-6BF82C0A06DE}.Debug|Mixed Platforms.ActiveCfg = Debug|Any CPU
		{8C1BDA51-F559-4472-A895-6BF82C0A06DE}.Debug|Mixed Platforms.Build.0 = Debug|Any CPU
		{8C1BDA51-F559-4472-A895-6BF82C0A06DE}.Debug|x86.ActiveCfg = Debug|Any CPU
		{8C1BDA51-F559-4472-A895-6BF82C0A06DE}.Release|Any CPU.ActiveCfg = Release|Any CPU
		{8C1BDA51-F559-4472-A895-6BF82C0A06DE}.Release|Any CPU.Build.0 = Release|Any CPU
		{8C1BDA51-F559-4472-A895-6BF82C0A06DE}.Release|Mixed Platforms.ActiveCfg = Release|Any CPU
		{8C1BDA51-F559-4472-A895-6BF82C0A06DE}.Release|Mixed Platforms.Build.0 = Release|Any CPU
		{8C1BDA51-F559-4472-A895-6BF82C0A06DE}.Release|x86.ActiveCfg = Release|Any CPU
		{2C1C92B9-6401-49DB-A162-E185A6F5D16B}.Debug|Any CPU.ActiveCfg = Debug|x86
		{2C1C92B9-6401-49DB-A162-E185A6F5D16B}.Debug|Mixed Platforms.ActiveCfg = Debug|x86
		{2C1C92B9-6401-49DB-A162-E185A6F5D16B}.Debug|Mixed Platforms.Build.0 = Debug|x86
		{2C1C92B9-6401-49DB-A162-E185A6F5D16B}.Debug|x86.ActiveCfg = Debug|x86
		{2C1C92B9-6401-49DB-A162-E185A6F5D16B}.Debug|x86.Build.0 = Debug|x86
		{2C1C92B9-6401-49DB-A162-E185A6F5D16B}.Release|Any CPU.ActiveCfg = Release|x86
		{2C1C92B9-6401-49DB-A162-E185A6F5D16B}.Release|Mixed Platforms.ActiveCfg = Release|x86
		{2C1C92B9-6401-49DB-A162-E185A6F5D16B}.Release|Mixed Platforms.Build.0 = Release|x86
		{2C1C92B9-6401-49DB-A162-E185A6F5D16B}.Release|x86.ActiveCfg = Release|x86
		{2C1C92B9-6401-49DB-A162-E185A6F5D16B}.Release|x86.Build.0 = Release|x86
		{B8109D67-7220-4FBA-84D6-1166B114CF47}.Debug|Any CPU.ActiveCfg = Debug|x86
		{B8109D67-7220-4FBA-84D6-1166B114CF47}.Debug|Mixed Platforms.ActiveCfg = Debug|x86
		{B8109D67-7220-4FBA-84D6-1166B114CF47}.Debug|Mixed Platforms.Build.0 = Debug|x86
		{B8109D67-7220-4FBA-84D6-1166B114CF47}.Debug|x86.ActiveCfg = Debug|x86
		{B8109D67-7220-4FBA-84D6-1166B114CF47}.Debug|x86.Build.0 = Debug|x86
		{B8109D67-7220-4FBA-84D6-1166B114CF47}.Release|Any CPU.ActiveCfg = Release|x86
		{B8109D67-7220-4FBA-84D6-1166B114CF47}.Release|Mixed Platforms.ActiveCfg = Release|x86
		{B8109D67-7220-4FBA-84D6-1166B114CF47}.Release|Mixed Platforms.Build.0 = Release|x86
		{B8109D67-7220-4FBA-84D6-1166B114CF47}.Release|x86.ActiveCfg = Release|x86
		{B8109D67-7220-4FBA-84D6-1166B114CF47}.Release|x86.Build.0 = Release|x86
	EndGlobalSection
	GlobalSection(SolutionProperties) = preSolution
		HideSolutionNode = FALSE
	EndGlobalSection
EndGlobal
